
Microsoft Visual Studio Solution File, Format Version 12.00
# Visual Studio Version 16
VisualStudioVersion = 16.0.32630.194
MinimumVisualStudioVersion = 10.0.40219.1
Project("{FAE04EC0-301F-11D3-BF4B-00C04F79EFBC}") = "Koleksiyonlar-Soru-1", "Koleksiyonlar-Soru-1\Koleksiyonlar-Soru-1.csproj", "{8A8F26AB-D317-43EE-A426-D1F602831659}"
EndProject
Project("{FAE04EC0-301F-11D3-BF4B-00C04F79EFBC}") = "Koleksiyonlar-Soru-2", "Koleksiyonlar-Soru-2\Koleksiyonlar-Soru-2.csproj", "{E4495219-5BE9-411E-9233-0C79CA2B7AFF}"
EndProject
Project("{FAE04EC0-301F-11D3-BF4B-00C04F79EFBC}") = "Koleksiyonlar-Soru-3", "Koleksiyonlar-Soru-3\Koleksiyonlar-Soru-3.csproj", "{34F3C1BD-50C0-4C6B-9A19-CFC6125655F2}"
EndProject
Global
	GlobalSection(SolutionConfigurationPlatforms) = preSolution
		Debug|Any CPU = Debug|Any CPU
		Release|Any CPU = Release|Any CPU
	EndGlobalSection
	GlobalSection(ProjectConfigurationPlatforms) = postSolution
		{8A8F26AB-D317-43EE-A426-D1F602831659}.Debug|Any CPU.ActiveCfg = Debug|Any CPU
		{8A8F26AB-D317-43EE-A426-D1F602831659}.Debug|Any CPU.Build.0 = Debug|Any CPU
		{8A8F26AB-D317-43EE-A426-D1F602831659}.Release|Any CPU.ActiveCfg = Release|Any CPU
		{8A8F26AB-D317-43EE-A426-D1F602831659}.Release|Any CPU.Build.0 = Release|Any CPU
		{E4495219-5BE9-411E-9233-0C79CA2B7AFF}.Debug|Any CPU.ActiveCfg = Debug|Any CPU
		{E4495219-5BE9-411E-9233-0C79CA2B7AFF}.Debug|Any CPU.Build.0 = Debug|Any CPU
		{E4495219-5BE9-411E-9233-0C79CA2B7AFF}.Release|Any CPU.ActiveCfg = Release|Any CPU
		{E4495219-5BE9-411E-9233-0C79CA2B7AFF}.Release|Any CPU.Build.0 = Release|Any CPU
		{34F3C1BD-50C0-4C6B-9A19-CFC6125655F2}.Debug|Any CPU.ActiveCfg = Debug|Any CPU
		{34F3C1BD-50C0-4C6B-9A19-CFC6125655F2}.Debug|Any CPU.Build.0 = Debug|Any CPU
		{34F3C1BD-50C0-4C6B-9A19-CFC6125655F2}.Release|Any CPU.ActiveCfg = Release|Any CPU
		{34F3C1BD-50C0-4C6B-9A19-CFC6125655F2}.Release|Any CPU.Build.0 = Release|Any CPU
	EndGlobalSection
	GlobalSection(SolutionProperties) = preSolution
		HideSolutionNode = FALSE
	EndGlobalSection
	GlobalSection(ExtensibilityGlobals) = postSolution
		SolutionGuid = {7FBE052C-D263-4F7B-893C-9A2C53107B7E}
	EndGlobalSection
EndGlobal
