
Microsoft Visual Studio Solution File, Format Version 12.00
# Visual Studio Version 16
VisualStudioVersion = 16.0.32630.194
MinimumVisualStudioVersion = 10.0.40219.1
Project("{FAE04EC0-301F-11D3-BF4B-00C04F79EFBC}") = "WhileForeach", "WhileForeach\WhileForeach.csproj", "{F143347E-3A44-4B46-B856-448105E220A9}"
EndProject
Global
	GlobalSection(SolutionConfigurationPlatforms) = preSolution
		Debug|Any CPU = Debug|Any CPU
		Release|Any CPU = Release|Any CPU
	EndGlobalSection
	GlobalSection(ProjectConfigurationPlatforms) = postSolution
		{F143347E-3A44-4B46-B856-448105E220A9}.Debug|Any CPU.ActiveCfg = Debug|Any CPU
		{F143347E-3A44-4B46-B856-448105E220A9}.Debug|Any CPU.Build.0 = Debug|Any CPU
		{F143347E-3A44-4B46-B856-448105E220A9}.Release|Any CPU.ActiveCfg = Release|Any CPU
		{F143347E-3A44-4B46-B856-448105E220A9}.Release|Any CPU.Build.0 = Release|Any CPU
	EndGlobalSection
	GlobalSection(SolutionProperties) = preSolution
		HideSolutionNode = FALSE
	EndGlobalSection
	GlobalSection(ExtensibilityGlobals) = postSolution
		SolutionGuid = {B07D8460-D621-4513-920E-AE5C1593E8F5}
	EndGlobalSection
EndGlobal
