
Microsoft Visual Studio Solution File, Format Version 12.00
# Visual Studio Version 16
VisualStudioVersion = 16.0.32630.194
MinimumVisualStudioVersion = 10.0.40219.1
Project("{FAE04EC0-301F-11D3-BF4B-00C04F79EFBC}") = "Loops", "Loops\Loops.csproj", "{A49FD165-78CC-42F5-8012-C1C44A393B8A}"
EndProject
Global
	GlobalSection(SolutionConfigurationPlatforms) = preSolution
		Debug|Any CPU = Debug|Any CPU
		Release|Any CPU = Release|Any CPU
	EndGlobalSection
	GlobalSection(ProjectConfigurationPlatforms) = postSolution
		{A49FD165-78CC-42F5-8012-C1C44A393B8A}.Debug|Any CPU.ActiveCfg = Debug|Any CPU
		{A49FD165-78CC-42F5-8012-C1C44A393B8A}.Debug|Any CPU.Build.0 = Debug|Any CPU
		{A49FD165-78CC-42F5-8012-C1C44A393B8A}.Release|Any CPU.ActiveCfg = Release|Any CPU
		{A49FD165-78CC-42F5-8012-C1C44A393B8A}.Release|Any CPU.Build.0 = Release|Any CPU
	EndGlobalSection
	GlobalSection(SolutionProperties) = preSolution
		HideSolutionNode = FALSE
	EndGlobalSection
	GlobalSection(ExtensibilityGlobals) = postSolution
		SolutionGuid = {6D814901-F13E-4A0A-A1A6-CF69D244A1B3}
	EndGlobalSection
EndGlobal
