
Microsoft Visual Studio Solution File, Format Version 12.00
# Visual Studio Version 16
VisualStudioVersion = 16.0.32630.194
MinimumVisualStudioVersion = 10.0.40219.1
Project("{FAE04EC0-301F-11D3-BF4B-00C04F79EFBC}") = "DatetimeMathMethods", "DatetimeMathMethods\DatetimeMathMethods.csproj", "{1753E386-CBC4-4253-A087-62540904B279}"
EndProject
Global
	GlobalSection(SolutionConfigurationPlatforms) = preSolution
		Debug|Any CPU = Debug|Any CPU
		Release|Any CPU = Release|Any CPU
	EndGlobalSection
	GlobalSection(ProjectConfigurationPlatforms) = postSolution
		{1753E386-CBC4-4253-A087-62540904B279}.Debug|Any CPU.ActiveCfg = Debug|Any CPU
		{1753E386-CBC4-4253-A087-62540904B279}.Debug|Any CPU.Build.0 = Debug|Any CPU
		{1753E386-CBC4-4253-A087-62540904B279}.Release|Any CPU.ActiveCfg = Release|Any CPU
		{1753E386-CBC4-4253-A087-62540904B279}.Release|Any CPU.Build.0 = Release|Any CPU
	EndGlobalSection
	GlobalSection(SolutionProperties) = preSolution
		HideSolutionNode = FALSE
	EndGlobalSection
	GlobalSection(ExtensibilityGlobals) = postSolution
		SolutionGuid = {BDD3CF99-1FA8-4DA1-BB6F-2417DAD4CD28}
	EndGlobalSection
EndGlobal
